
Microsoft Visual Studio Solution File, Format Version 12.00
# Visual Studio Version 16
VisualStudioVersion = 16.0.30011.22
MinimumVisualStudioVersion = 10.0.40219.1
Project("{FAE04EC0-301F-11D3-BF4B-00C04F79EFBC}") = "No300Words", "No300Words\No300Words.csproj", "{D1EBF3EC-9826-4D71-82EA-279F6EDB06EE}"
EndProject
Global
	GlobalSection(SolutionConfigurationPlatforms) = preSolution
		Debug|Any CPU = Debug|Any CPU
		Release|Any CPU = Release|Any CPU
	EndGlobalSection
	GlobalSection(ProjectConfigurationPlatforms) = postSolution
		{D1EBF3EC-9826-4D71-82EA-279F6EDB06EE}.Debug|Any CPU.ActiveCfg = Debug|Any CPU
		{D1EBF3EC-9826-4D71-82EA-279F6EDB06EE}.Debug|Any CPU.Build.0 = Debug|Any CPU
		{D1EBF3EC-9826-4D71-82EA-279F6EDB06EE}.Release|Any CPU.ActiveCfg = Release|Any CPU
		{D1EBF3EC-9826-4D71-82EA-279F6EDB06EE}.Release|Any CPU.Build.0 = Release|Any CPU
	EndGlobalSection
	GlobalSection(SolutionProperties) = preSolution
		HideSolutionNode = FALSE
	EndGlobalSection
	GlobalSection(ExtensibilityGlobals) = postSolution
		SolutionGuid = {BC138E6F-CF0D-4567-B5FF-853FADE8838E}
	EndGlobalSection
EndGlobal
